// !$*UTF8*$!
{
	archiveVersion = 1;
	classes = {
	};
	objectVersion = 56;
	objects = {

/* Begin PBXBuildFile section */
		EA1DB4D628D542C8005F03C9 /* UIButton+Extension.swift in Sources */ = {isa = PBXBuildFile; fileRef = EA1DB4D528D542C8005F03C9 /* UIButton+Extension.swift */; };
		EA1DB4DB28D54429005F03C9 /* FilterButton.swift in Sources */ = {isa = PBXBuildFile; fileRef = EA1DB4DA28D54429005F03C9 /* FilterButton.swift */; };
		EA33A64028D29F9200186581 /* AppContainer.swift in Sources */ = {isa = PBXBuildFile; fileRef = EA33A63F28D29F9200186581 /* AppContainer.swift */; };
		EA33A64228D29FAA00186581 /* AppRouter.swift in Sources */ = {isa = PBXBuildFile; fileRef = EA33A64128D29FAA00186581 /* AppRouter.swift */; };
		EA33A64828D2A25300186581 /* Service.swift in Sources */ = {isa = PBXBuildFile; fileRef = EA33A64728D2A25300186581 /* Service.swift */; };
		EA33A64A28D2A2A100186581 /* Router.swift in Sources */ = {isa = PBXBuildFile; fileRef = EA33A64928D2A2A100186581 /* Router.swift */; };
		EA33A64D28D2A2BE00186581 /* Alamofire in Frameworks */ = {isa = PBXBuildFile; productRef = EA33A64C28D2A2BE00186581 /* Alamofire */; };
		EA33A64F28D2A2CE00186581 /* Endpoint.swift in Sources */ = {isa = PBXBuildFile; fileRef = EA33A64E28D2A2CE00186581 /* Endpoint.swift */; };
		EA33A65128D2A79600186581 /* HomeViewModel.swift in Sources */ = {isa = PBXBuildFile; fileRef = EA33A65028D2A79600186581 /* HomeViewModel.swift */; };
		EA33A65328D2A7A200186581 /* HomeBuilder.swift in Sources */ = {isa = PBXBuildFile; fileRef = EA33A65228D2A7A200186581 /* HomeBuilder.swift */; };
		EA33A65728D2ABDE00186581 /* HomeTableViewCell.swift in Sources */ = {isa = PBXBuildFile; fileRef = EA33A65528D2ABDE00186581 /* HomeTableViewCell.swift */; };
		EA33A65828D2ABDE00186581 /* HomeTableViewCell.xib in Resources */ = {isa = PBXBuildFile; fileRef = EA33A65628D2ABDE00186581 /* HomeTableViewCell.xib */; };
		EA33A65A28D2B32D00186581 /* SearchResult.swift in Sources */ = {isa = PBXBuildFile; fileRef = EA33A65928D2B32D00186581 /* SearchResult.swift */; };
		EA33A65E28D2BBAD00186581 /* UIViewController+Extension.swift in Sources */ = {isa = PBXBuildFile; fileRef = EA33A65D28D2BBAD00186581 /* UIViewController+Extension.swift */; };
		EA33A66128D2C2B900186581 /* Kingfisher in Frameworks */ = {isa = PBXBuildFile; productRef = EA33A66028D2C2B900186581 /* Kingfisher */; };
		EA33A66328D329DA00186581 /* String+Extension.swift in Sources */ = {isa = PBXBuildFile; fileRef = EA33A66228D329DA00186581 /* String+Extension.swift */; };
		EA33A66828D344AB00186581 /* DetailViewModel.swift in Sources */ = {isa = PBXBuildFile; fileRef = EA33A66728D344AB00186581 /* DetailViewModel.swift */; };
		EA33A66B28D34FC900186581 /* DetailViewController.swift in Sources */ = {isa = PBXBuildFile; fileRef = EA33A66928D34FC900186581 /* DetailViewController.swift */; };
		EA33A66C28D34FC900186581 /* DetailViewController.xib in Resources */ = {isa = PBXBuildFile; fileRef = EA33A66A28D34FC900186581 /* DetailViewController.xib */; };
		EA33A66E28D3527600186581 /* DetailBuilder.swift in Sources */ = {isa = PBXBuildFile; fileRef = EA33A66D28D3527600186581 /* DetailBuilder.swift */; };
		EA6A7B3A28D224D300D5DA2B /* AppDelegate.swift in Sources */ = {isa = PBXBuildFile; fileRef = EA6A7B3928D224D300D5DA2B /* AppDelegate.swift */; };
		EA6A7B3C28D224D300D5DA2B /* SceneDelegate.swift in Sources */ = {isa = PBXBuildFile; fileRef = EA6A7B3B28D224D300D5DA2B /* SceneDelegate.swift */; };
		EA6A7B4328D224D400D5DA2B /* Assets.xcassets in Resources */ = {isa = PBXBuildFile; fileRef = EA6A7B4228D224D400D5DA2B /* Assets.xcassets */; };
		EA6A7B4628D224D400D5DA2B /* LaunchScreen.storyboard in Resources */ = {isa = PBXBuildFile; fileRef = EA6A7B4428D224D400D5DA2B /* LaunchScreen.storyboard */; };
		EA6A7B5128D224D500D5DA2B /* GTechCaseTests.swift in Sources */ = {isa = PBXBuildFile; fileRef = EA6A7B5028D224D500D5DA2B /* GTechCaseTests.swift */; };
		EA6A7B5B28D224D500D5DA2B /* GTechCaseUITests.swift in Sources */ = {isa = PBXBuildFile; fileRef = EA6A7B5A28D224D500D5DA2B /* GTechCaseUITests.swift */; };
		EA6A7B5D28D224D500D5DA2B /* GTechCaseUITestsLaunchTests.swift in Sources */ = {isa = PBXBuildFile; fileRef = EA6A7B5C28D224D500D5DA2B /* GTechCaseUITestsLaunchTests.swift */; };
		EA6A7B6F28D22B5000D5DA2B /* HomeViewController.swift in Sources */ = {isa = PBXBuildFile; fileRef = EA6A7B6D28D22B5000D5DA2B /* HomeViewController.swift */; };
		EA6A7B7028D22B5000D5DA2B /* HomeViewController.xib in Resources */ = {isa = PBXBuildFile; fileRef = EA6A7B6E28D22B5000D5DA2B /* HomeViewController.xib */; };
/* End PBXBuildFile section */

/* Begin PBXContainerItemProxy section */
		EA6A7B4D28D224D500D5DA2B /* PBXContainerItemProxy */ = {
			isa = PBXContainerItemProxy;
			containerPortal = EA6A7B2E28D224D300D5DA2B /* Project object */;
			proxyType = 1;
			remoteGlobalIDString = EA6A7B3528D224D300D5DA2B;
			remoteInfo = GTechCase;
		};
		EA6A7B5728D224D500D5DA2B /* PBXContainerItemProxy */ = {
			isa = PBXContainerItemProxy;
			containerPortal = EA6A7B2E28D224D300D5DA2B /* Project object */;
			proxyType = 1;
			remoteGlobalIDString = EA6A7B3528D224D300D5DA2B;
			remoteInfo = GTechCase;
		};
/* End PBXContainerItemProxy section */

/* Begin PBXFileReference section */
		EA1DB4D528D542C8005F03C9 /* UIButton+Extension.swift */ = {isa = PBXFileReference; lastKnownFileType = sourcecode.swift; path = "UIButton+Extension.swift"; sourceTree = "<group>"; };
		EA1DB4DA28D54429005F03C9 /* FilterButton.swift */ = {isa = PBXFileReference; lastKnownFileType = sourcecode.swift; path = FilterButton.swift; sourceTree = "<group>"; };
		EA33A63F28D29F9200186581 /* AppContainer.swift */ = {isa = PBXFileReference; lastKnownFileType = sourcecode.swift; path = AppContainer.swift; sourceTree = "<group>"; };
		EA33A64128D29FAA00186581 /* AppRouter.swift */ = {isa = PBXFileReference; lastKnownFileType = sourcecode.swift; path = AppRouter.swift; sourceTree = "<group>"; };
		EA33A64728D2A25300186581 /* Service.swift */ = {isa = PBXFileReference; lastKnownFileType = sourcecode.swift; path = Service.swift; sourceTree = "<group>"; };
		EA33A64928D2A2A100186581 /* Router.swift */ = {isa = PBXFileReference; lastKnownFileType = sourcecode.swift; path = Router.swift; sourceTree = "<group>"; };
		EA33A64E28D2A2CE00186581 /* Endpoint.swift */ = {isa = PBXFileReference; lastKnownFileType = sourcecode.swift; path = Endpoint.swift; sourceTree = "<group>"; };
		EA33A65028D2A79600186581 /* HomeViewModel.swift */ = {isa = PBXFileReference; lastKnownFileType = sourcecode.swift; path = HomeViewModel.swift; sourceTree = "<group>"; };
		EA33A65228D2A7A200186581 /* HomeBuilder.swift */ = {isa = PBXFileReference; lastKnownFileType = sourcecode.swift; path = HomeBuilder.swift; sourceTree = "<group>"; };
		EA33A65528D2ABDE00186581 /* HomeTableViewCell.swift */ = {isa = PBXFileReference; lastKnownFileType = sourcecode.swift; path = HomeTableViewCell.swift; sourceTree = "<group>"; };
		EA33A65628D2ABDE00186581 /* HomeTableViewCell.xib */ = {isa = PBXFileReference; lastKnownFileType = file.xib; path = HomeTableViewCell.xib; sourceTree = "<group>"; };
		EA33A65928D2B32D00186581 /* SearchResult.swift */ = {isa = PBXFileReference; lastKnownFileType = sourcecode.swift; path = SearchResult.swift; sourceTree = "<group>"; };
		EA33A65D28D2BBAD00186581 /* UIViewController+Extension.swift */ = {isa = PBXFileReference; lastKnownFileType = sourcecode.swift; path = "UIViewController+Extension.swift"; sourceTree = "<group>"; };
		EA33A66228D329DA00186581 /* String+Extension.swift */ = {isa = PBXFileReference; lastKnownFileType = sourcecode.swift; path = "String+Extension.swift"; sourceTree = "<group>"; };
		EA33A66728D344AB00186581 /* DetailViewModel.swift */ = {isa = PBXFileReference; lastKnownFileType = sourcecode.swift; path = DetailViewModel.swift; sourceTree = "<group>"; };
		EA33A66928D34FC900186581 /* DetailViewController.swift */ = {isa = PBXFileReference; lastKnownFileType = sourcecode.swift; path = DetailViewController.swift; sourceTree = "<group>"; };
		EA33A66A28D34FC900186581 /* DetailViewController.xib */ = {isa = PBXFileReference; lastKnownFileType = file.xib; path = DetailViewController.xib; sourceTree = "<group>"; };
		EA33A66D28D3527600186581 /* DetailBuilder.swift */ = {isa = PBXFileReference; lastKnownFileType = sourcecode.swift; path = DetailBuilder.swift; sourceTree = "<group>"; };
		EA6A7B3628D224D300D5DA2B /* GTechCase.app */ = {isa = PBXFileReference; explicitFileType = wrapper.application; includeInIndex = 0; path = GTechCase.app; sourceTree = BUILT_PRODUCTS_DIR; };
		EA6A7B3928D224D300D5DA2B /* AppDelegate.swift */ = {isa = PBXFileReference; lastKnownFileType = sourcecode.swift; path = AppDelegate.swift; sourceTree = "<group>"; };
		EA6A7B3B28D224D300D5DA2B /* SceneDelegate.swift */ = {isa = PBXFileReference; lastKnownFileType = sourcecode.swift; path = SceneDelegate.swift; sourceTree = "<group>"; };
		EA6A7B4228D224D400D5DA2B /* Assets.xcassets */ = {isa = PBXFileReference; lastKnownFileType = folder.assetcatalog; path = Assets.xcassets; sourceTree = "<group>"; };
		EA6A7B4528D224D400D5DA2B /* Base */ = {isa = PBXFileReference; lastKnownFileType = file.storyboard; name = Base; path = Base.lproj/LaunchScreen.storyboard; sourceTree = "<group>"; };
		EA6A7B4728D224D400D5DA2B /* Info.plist */ = {isa = PBXFileReference; lastKnownFileType = text.plist.xml; path = Info.plist; sourceTree = "<group>"; };
		EA6A7B4C28D224D500D5DA2B /* GTechCaseTests.xctest */ = {isa = PBXFileReference; explicitFileType = wrapper.cfbundle; includeInIndex = 0; path = GTechCaseTests.xctest; sourceTree = BUILT_PRODUCTS_DIR; };
		EA6A7B5028D224D500D5DA2B /* GTechCaseTests.swift */ = {isa = PBXFileReference; lastKnownFileType = sourcecode.swift; path = GTechCaseTests.swift; sourceTree = "<group>"; };
		EA6A7B5628D224D500D5DA2B /* GTechCaseUITests.xctest */ = {isa = PBXFileReference; explicitFileType = wrapper.cfbundle; includeInIndex = 0; path = GTechCaseUITests.xctest; sourceTree = BUILT_PRODUCTS_DIR; };
		EA6A7B5A28D224D500D5DA2B /* GTechCaseUITests.swift */ = {isa = PBXFileReference; lastKnownFileType = sourcecode.swift; path = GTechCaseUITests.swift; sourceTree = "<group>"; };
		EA6A7B5C28D224D500D5DA2B /* GTechCaseUITestsLaunchTests.swift */ = {isa = PBXFileReference; lastKnownFileType = sourcecode.swift; path = GTechCaseUITestsLaunchTests.swift; sourceTree = "<group>"; };
		EA6A7B6D28D22B5000D5DA2B /* HomeViewController.swift */ = {isa = PBXFileReference; lastKnownFileType = sourcecode.swift; path = HomeViewController.swift; sourceTree = "<group>"; };
		EA6A7B6E28D22B5000D5DA2B /* HomeViewController.xib */ = {isa = PBXFileReference; lastKnownFileType = file.xib; path = HomeViewController.xib; sourceTree = "<group>"; };
/* End PBXFileReference section */

/* Begin PBXFrameworksBuildPhase section */
		EA6A7B3328D224D300D5DA2B /* Frameworks */ = {
			isa = PBXFrameworksBuildPhase;
			buildActionMask = 2147483647;
			files = (
				EA33A66128D2C2B900186581 /* Kingfisher in Frameworks */,
				EA33A64D28D2A2BE00186581 /* Alamofire in Frameworks */,
			);
			runOnlyForDeploymentPostprocessing = 0;
		};
		EA6A7B4928D224D500D5DA2B /* Frameworks */ = {
			isa = PBXFrameworksBuildPhase;
			buildActionMask = 2147483647;
			files = (
			);
			runOnlyForDeploymentPostprocessing = 0;
		};
		EA6A7B5328D224D500D5DA2B /* Frameworks */ = {
			isa = PBXFrameworksBuildPhase;
			buildActionMask = 2147483647;
			files = (
			);
			runOnlyForDeploymentPostprocessing = 0;
		};
/* End PBXFrameworksBuildPhase section */

/* Begin PBXGroup section */
		EA1DB4D728D543E7005F03C9 /* Custom */ = {
			isa = PBXGroup;
			children = (
				EA1DB4DA28D54429005F03C9 /* FilterButton.swift */,
			);
			path = Custom;
			sourceTree = "<group>";
		};
		EA33A64428D2A15D00186581 /* Network */ = {
			isa = PBXGroup;
			children = (
				EA33A64628D2A24C00186581 /* Service */,
				EA33A64528D2A15D00186581 /* Model */,
			);
			path = Network;
			sourceTree = "<group>";
		};
		EA33A64528D2A15D00186581 /* Model */ = {
			isa = PBXGroup;
			children = (
				EA33A65928D2B32D00186581 /* SearchResult.swift */,
			);
			path = Model;
			sourceTree = "<group>";
		};
		EA33A64628D2A24C00186581 /* Service */ = {
			isa = PBXGroup;
			children = (
				EA33A64728D2A25300186581 /* Service.swift */,
				EA33A64928D2A2A100186581 /* Router.swift */,
				EA33A64E28D2A2CE00186581 /* Endpoint.swift */,
			);
			path = Service;
			sourceTree = "<group>";
		};
		EA33A65428D2ABC700186581 /* Cell */ = {
			isa = PBXGroup;
			children = (
				EA33A65528D2ABDE00186581 /* HomeTableViewCell.swift */,
				EA33A65628D2ABDE00186581 /* HomeTableViewCell.xib */,
			);
			path = Cell;
			sourceTree = "<group>";
		};
		EA33A65B28D2BB9700186581 /* Utility */ = {
			isa = PBXGroup;
			children = (
				EA1DB4D728D543E7005F03C9 /* Custom */,
				EA33A65C28D2BB9D00186581 /* Extension */,
			);
			path = Utility;
			sourceTree = "<group>";
		};
		EA33A65C28D2BB9D00186581 /* Extension */ = {
			isa = PBXGroup;
			children = (
				EA33A65D28D2BBAD00186581 /* UIViewController+Extension.swift */,
				EA33A66228D329DA00186581 /* String+Extension.swift */,
				EA1DB4D528D542C8005F03C9 /* UIButton+Extension.swift */,
			);
			path = Extension;
			sourceTree = "<group>";
		};
		EA33A66628D3449E00186581 /* Detail */ = {
			isa = PBXGroup;
			children = (
				EA33A66728D344AB00186581 /* DetailViewModel.swift */,
				EA33A66928D34FC900186581 /* DetailViewController.swift */,
				EA33A66A28D34FC900186581 /* DetailViewController.xib */,
				EA33A66D28D3527600186581 /* DetailBuilder.swift */,
			);
			path = Detail;
			sourceTree = "<group>";
		};
		EA6A7B2D28D224D300D5DA2B = {
			isa = PBXGroup;
			children = (
				EA6A7B3828D224D300D5DA2B /* GTechCase */,
				EA6A7B4F28D224D500D5DA2B /* GTechCaseTests */,
				EA6A7B5928D224D500D5DA2B /* GTechCaseUITests */,
				EA6A7B3728D224D300D5DA2B /* Products */,
			);
			sourceTree = "<group>";
		};
		EA6A7B3728D224D300D5DA2B /* Products */ = {
			isa = PBXGroup;
			children = (
				EA6A7B3628D224D300D5DA2B /* GTechCase.app */,
				EA6A7B4C28D224D500D5DA2B /* GTechCaseTests.xctest */,
				EA6A7B5628D224D500D5DA2B /* GTechCaseUITests.xctest */,
			);
			name = Products;
			sourceTree = "<group>";
		};
		EA6A7B3828D224D300D5DA2B /* GTechCase */ = {
			isa = PBXGroup;
			children = (
				EA6A7B7128D22EF200D5DA2B /* Common */,
				EA33A64428D2A15D00186581 /* Network */,
				EA6A7B7228D22EF700D5DA2B /* Resource */,
				EA6A7B6B28D22B2F00D5DA2B /* Scene */,
				EA33A65B28D2BB9700186581 /* Utility */,
				EA6A7B4728D224D400D5DA2B /* Info.plist */,
				EA6A7B4428D224D400D5DA2B /* LaunchScreen.storyboard */,
			);
			path = GTechCase;
			sourceTree = "<group>";
		};
		EA6A7B4F28D224D500D5DA2B /* GTechCaseTests */ = {
			isa = PBXGroup;
			children = (
				EA6A7B5028D224D500D5DA2B /* GTechCaseTests.swift */,
			);
			path = GTechCaseTests;
			sourceTree = "<group>";
		};
		EA6A7B5928D224D500D5DA2B /* GTechCaseUITests */ = {
			isa = PBXGroup;
			children = (
				EA6A7B5A28D224D500D5DA2B /* GTechCaseUITests.swift */,
				EA6A7B5C28D224D500D5DA2B /* GTechCaseUITestsLaunchTests.swift */,
			);
			path = GTechCaseUITests;
			sourceTree = "<group>";
		};
		EA6A7B6B28D22B2F00D5DA2B /* Scene */ = {
			isa = PBXGroup;
			children = (
				EA33A66628D3449E00186581 /* Detail */,
				EA6A7B6C28D22B3900D5DA2B /* Home */,
			);
			path = Scene;
			sourceTree = "<group>";
		};
		EA6A7B6C28D22B3900D5DA2B /* Home */ = {
			isa = PBXGroup;
			children = (
				EA33A65428D2ABC700186581 /* Cell */,
				EA6A7B6D28D22B5000D5DA2B /* HomeViewController.swift */,
				EA6A7B6E28D22B5000D5DA2B /* HomeViewController.xib */,
				EA33A65028D2A79600186581 /* HomeViewModel.swift */,
				EA33A65228D2A7A200186581 /* HomeBuilder.swift */,
			);
			path = Home;
			sourceTree = "<group>";
		};
		EA6A7B7128D22EF200D5DA2B /* Common */ = {
			isa = PBXGroup;
			children = (
				EA6A7B3928D224D300D5DA2B /* AppDelegate.swift */,
				EA6A7B3B28D224D300D5DA2B /* SceneDelegate.swift */,
				EA33A63F28D29F9200186581 /* AppContainer.swift */,
				EA33A64128D29FAA00186581 /* AppRouter.swift */,
			);
			path = Common;
			sourceTree = "<group>";
		};
		EA6A7B7228D22EF700D5DA2B /* Resource */ = {
			isa = PBXGroup;
			children = (
				EA6A7B4228D224D400D5DA2B /* Assets.xcassets */,
			);
			path = Resource;
			sourceTree = "<group>";
		};
/* End PBXGroup section */

/* Begin PBXNativeTarget section */
		EA6A7B3528D224D300D5DA2B /* GTechCase */ = {
			isa = PBXNativeTarget;
			buildConfigurationList = EA6A7B6028D224D500D5DA2B /* Build configuration list for PBXNativeTarget "GTechCase" */;
			buildPhases = (
				EA6A7B3228D224D300D5DA2B /* Sources */,
				EA6A7B3328D224D300D5DA2B /* Frameworks */,
				EA6A7B3428D224D300D5DA2B /* Resources */,
			);
			buildRules = (
			);
			dependencies = (
			);
			name = GTechCase;
			packageProductDependencies = (
				EA33A64C28D2A2BE00186581 /* Alamofire */,
				EA33A66028D2C2B900186581 /* Kingfisher */,
			);
			productName = GTechCase;
			productReference = EA6A7B3628D224D300D5DA2B /* GTechCase.app */;
			productType = "com.apple.product-type.application";
		};
		EA6A7B4B28D224D500D5DA2B /* GTechCaseTests */ = {
			isa = PBXNativeTarget;
			buildConfigurationList = EA6A7B6328D224D500D5DA2B /* Build configuration list for PBXNativeTarget "GTechCaseTests" */;
			buildPhases = (
				EA6A7B4828D224D500D5DA2B /* Sources */,
				EA6A7B4928D224D500D5DA2B /* Frameworks */,
				EA6A7B4A28D224D500D5DA2B /* Resources */,
			);
			buildRules = (
			);
			dependencies = (
				EA6A7B4E28D224D500D5DA2B /* PBXTargetDependency */,
			);
			name = GTechCaseTests;
			productName = GTechCaseTests;
			productReference = EA6A7B4C28D224D500D5DA2B /* GTechCaseTests.xctest */;
			productType = "com.apple.product-type.bundle.unit-test";
		};
		EA6A7B5528D224D500D5DA2B /* GTechCaseUITests */ = {
			isa = PBXNativeTarget;
			buildConfigurationList = EA6A7B6628D224D500D5DA2B /* Build configuration list for PBXNativeTarget "GTechCaseUITests" */;
			buildPhases = (
				EA6A7B5228D224D500D5DA2B /* Sources */,
				EA6A7B5328D224D500D5DA2B /* Frameworks */,
				EA6A7B5428D224D500D5DA2B /* Resources */,
			);
			buildRules = (
			);
			dependencies = (
				EA6A7B5828D224D500D5DA2B /* PBXTargetDependency */,
			);
			name = GTechCaseUITests;
			productName = GTechCaseUITests;
			productReference = EA6A7B5628D224D500D5DA2B /* GTechCaseUITests.xctest */;
			productType = "com.apple.product-type.bundle.ui-testing";
		};
/* End PBXNativeTarget section */

/* Begin PBXProject section */
		EA6A7B2E28D224D300D5DA2B /* Project object */ = {
			isa = PBXProject;
			attributes = {
				BuildIndependentTargetsInParallel = 1;
				LastSwiftUpdateCheck = 1400;
				LastUpgradeCheck = 1400;
				TargetAttributes = {
					EA6A7B3528D224D300D5DA2B = {
						CreatedOnToolsVersion = 14.0;
					};
					EA6A7B4B28D224D500D5DA2B = {
						CreatedOnToolsVersion = 14.0;
						TestTargetID = EA6A7B3528D224D300D5DA2B;
					};
					EA6A7B5528D224D500D5DA2B = {
						CreatedOnToolsVersion = 14.0;
						TestTargetID = EA6A7B3528D224D300D5DA2B;
					};
				};
			};
			buildConfigurationList = EA6A7B3128D224D300D5DA2B /* Build configuration list for PBXProject "GTechCase" */;
			compatibilityVersion = "Xcode 14.0";
			developmentRegion = en;
			hasScannedForEncodings = 0;
			knownRegions = (
				en,
				Base,
			);
			mainGroup = EA6A7B2D28D224D300D5DA2B;
			packageReferences = (
				EA33A64B28D2A2BE00186581 /* XCRemoteSwiftPackageReference "Alamofire" */,
				EA33A65F28D2C2B900186581 /* XCRemoteSwiftPackageReference "Kingfisher" */,
			);
			productRefGroup = EA6A7B3728D224D300D5DA2B /* Products */;
			projectDirPath = "";
			projectRoot = "";
			targets = (
				EA6A7B3528D224D300D5DA2B /* GTechCase */,
				EA6A7B4B28D224D500D5DA2B /* GTechCaseTests */,
				EA6A7B5528D224D500D5DA2B /* GTechCaseUITests */,
			);
		};
/* End PBXProject section */

/* Begin PBXResourcesBuildPhase section */
		EA6A7B3428D224D300D5DA2B /* Resources */ = {
			isa = PBXResourcesBuildPhase;
			buildActionMask = 2147483647;
			files = (
				EA6A7B4628D224D400D5DA2B /* LaunchScreen.storyboard in Resources */,
				EA6A7B4328D224D400D5DA2B /* Assets.xcassets in Resources */,
				EA33A66C28D34FC900186581 /* DetailViewController.xib in Resources */,
				EA33A65828D2ABDE00186581 /* HomeTableViewCell.xib in Resources */,
				EA6A7B7028D22B5000D5DA2B /* HomeViewController.xib in Resources */,
			);
			runOnlyForDeploymentPostprocessing = 0;
		};
		EA6A7B4A28D224D500D5DA2B /* Resources */ = {
			isa = PBXResourcesBuildPhase;
			buildActionMask = 2147483647;
			files = (
			);
			runOnlyForDeploymentPostprocessing = 0;
		};
		EA6A7B5428D224D500D5DA2B /* Resources */ = {
			isa = PBXResourcesBuildPhase;
			buildActionMask = 2147483647;
			files = (
			);
			runOnlyForDeploymentPostprocessing = 0;
		};
/* End PBXResourcesBuildPhase section */

/* Begin PBXSourcesBuildPhase section */
		EA6A7B3228D224D300D5DA2B /* Sources */ = {
			isa = PBXSourcesBuildPhase;
			buildActionMask = 2147483647;
			files = (
				EA6A7B3A28D224D300D5DA2B /* AppDelegate.swift in Sources */,
				EA33A65E28D2BBAD00186581 /* UIViewController+Extension.swift in Sources */,
				EA33A65128D2A79600186581 /* HomeViewModel.swift in Sources */,
				EA33A65328D2A7A200186581 /* HomeBuilder.swift in Sources */,
				EA33A64028D29F9200186581 /* AppContainer.swift in Sources */,
				EA1DB4D628D542C8005F03C9 /* UIButton+Extension.swift in Sources */,
				EA6A7B3C28D224D300D5DA2B /* SceneDelegate.swift in Sources */,
				EA1DB4DB28D54429005F03C9 /* FilterButton.swift in Sources */,
				EA33A65728D2ABDE00186581 /* HomeTableViewCell.swift in Sources */,
				EA33A66B28D34FC900186581 /* DetailViewController.swift in Sources */,
				EA33A64A28D2A2A100186581 /* Router.swift in Sources */,
				EA33A66328D329DA00186581 /* String+Extension.swift in Sources */,
				EA33A64228D29FAA00186581 /* AppRouter.swift in Sources */,
				EA33A64F28D2A2CE00186581 /* Endpoint.swift in Sources */,
				EA6A7B6F28D22B5000D5DA2B /* HomeViewController.swift in Sources */,
				EA33A65A28D2B32D00186581 /* SearchResult.swift in Sources */,
				EA33A66E28D3527600186581 /* DetailBuilder.swift in Sources */,
				EA33A66828D344AB00186581 /* DetailViewModel.swift in Sources */,
				EA33A64828D2A25300186581 /* Service.swift in Sources */,
			);
			runOnlyForDeploymentPostprocessing = 0;
		};
		EA6A7B4828D224D500D5DA2B /* Sources */ = {
			isa = PBXSourcesBuildPhase;
			buildActionMask = 2147483647;
			files = (
				EA6A7B5128D224D500D5DA2B /* GTechCaseTests.swift in Sources */,
			);
			runOnlyForDeploymentPostprocessing = 0;
		};
		EA6A7B5228D224D500D5DA2B /* Sources */ = {
			isa = PBXSourcesBuildPhase;
			buildActionMask = 2147483647;
			files = (
				EA6A7B5D28D224D500D5DA2B /* GTechCaseUITestsLaunchTests.swift in Sources */,
				EA6A7B5B28D224D500D5DA2B /* GTechCaseUITests.swift in Sources */,
			);
			runOnlyForDeploymentPostprocessing = 0;
		};
/* End PBXSourcesBuildPhase section */

/* Begin PBXTargetDependency section */
		EA6A7B4E28D224D500D5DA2B /* PBXTargetDependency */ = {
			isa = PBXTargetDependency;
			target = EA6A7B3528D224D300D5DA2B /* GTechCase */;
			targetProxy = EA6A7B4D28D224D500D5DA2B /* PBXContainerItemProxy */;
		};
		EA6A7B5828D224D500D5DA2B /* PBXTargetDependency */ = {
			isa = PBXTargetDependency;
			target = EA6A7B3528D224D300D5DA2B /* GTechCase */;
			targetProxy = EA6A7B5728D224D500D5DA2B /* PBXContainerItemProxy */;
		};
/* End PBXTargetDependency section */

/* Begin PBXVariantGroup section */
		EA6A7B4428D224D400D5DA2B /* LaunchScreen.storyboard */ = {
			isa = PBXVariantGroup;
			children = (
				EA6A7B4528D224D400D5DA2B /* Base */,
			);
			name = LaunchScreen.storyboard;
			sourceTree = "<group>";
		};
/* End PBXVariantGroup section */

/* Begin XCBuildConfiguration section */
		EA6A7B5E28D224D500D5DA2B /* Debug */ = {
			isa = XCBuildConfiguration;
			buildSettings = {
				ALWAYS_SEARCH_USER_PATHS = NO;
				CLANG_ANALYZER_NONNULL = YES;
				CLANG_ANALYZER_NUMBER_OBJECT_CONVERSION = YES_AGGRESSIVE;
				CLANG_CXX_LANGUAGE_STANDARD = "gnu++20";
				CLANG_ENABLE_MODULES = YES;
				CLANG_ENABLE_OBJC_ARC = YES;
				CLANG_ENABLE_OBJC_WEAK = YES;
				CLANG_WARN_BLOCK_CAPTURE_AUTORELEASING = YES;
				CLANG_WARN_BOOL_CONVERSION = YES;
				CLANG_WARN_COMMA = YES;
				CLANG_WARN_CONSTANT_CONVERSION = YES;
				CLANG_WARN_DEPRECATED_OBJC_IMPLEMENTATIONS = YES;
				CLANG_WARN_DIRECT_OBJC_ISA_USAGE = YES_ERROR;
				CLANG_WARN_DOCUMENTATION_COMMENTS = YES;
				CLANG_WARN_EMPTY_BODY = YES;
				CLANG_WARN_ENUM_CONVERSION = YES;
				CLANG_WARN_INFINITE_RECURSION = YES;
				CLANG_WARN_INT_CONVERSION = YES;
				CLANG_WARN_NON_LITERAL_NULL_CONVERSION = YES;
				CLANG_WARN_OBJC_IMPLICIT_RETAIN_SELF = YES;
				CLANG_WARN_OBJC_LITERAL_CONVERSION = YES;
				CLANG_WARN_OBJC_ROOT_CLASS = YES_ERROR;
				CLANG_WARN_QUOTED_INCLUDE_IN_FRAMEWORK_HEADER = YES;
				CLANG_WARN_RANGE_LOOP_ANALYSIS = YES;
				CLANG_WARN_STRICT_PROTOTYPES = YES;
				CLANG_WARN_SUSPICIOUS_MOVE = YES;
				CLANG_WARN_UNGUARDED_AVAILABILITY = YES_AGGRESSIVE;
				CLANG_WARN_UNREACHABLE_CODE = YES;
				CLANG_WARN__DUPLICATE_METHOD_MATCH = YES;
				COPY_PHASE_STRIP = NO;
				DEBUG_INFORMATION_FORMAT = dwarf;
				ENABLE_STRICT_OBJC_MSGSEND = YES;
				ENABLE_TESTABILITY = YES;
				GCC_C_LANGUAGE_STANDARD = gnu11;
				GCC_DYNAMIC_NO_PIC = NO;
				GCC_NO_COMMON_BLOCKS = YES;
				GCC_OPTIMIZATION_LEVEL = 0;
				GCC_PREPROCESSOR_DEFINITIONS = (
					"DEBUG=1",
					"$(inherited)",
				);
				GCC_WARN_64_TO_32_BIT_CONVERSION = YES;
				GCC_WARN_ABOUT_RETURN_TYPE = YES_ERROR;
				GCC_WARN_UNDECLARED_SELECTOR = YES;
				GCC_WARN_UNINITIALIZED_AUTOS = YES_AGGRESSIVE;
				GCC_WARN_UNUSED_FUNCTION = YES;
				GCC_WARN_UNUSED_VARIABLE = YES;
				IPHONEOS_DEPLOYMENT_TARGET = 16.0;
				MTL_ENABLE_DEBUG_INFO = INCLUDE_SOURCE;
				MTL_FAST_MATH = YES;
				ONLY_ACTIVE_ARCH = YES;
				SDKROOT = iphoneos;
				SWIFT_ACTIVE_COMPILATION_CONDITIONS = DEBUG;
				SWIFT_OPTIMIZATION_LEVEL = "-Onone";
			};
			name = Debug;
		};
		EA6A7B5F28D224D500D5DA2B /* Release */ = {
			isa = XCBuildConfiguration;
			buildSettings = {
				ALWAYS_SEARCH_USER_PATHS = NO;
				CLANG_ANALYZER_NONNULL = YES;
				CLANG_ANALYZER_NUMBER_OBJECT_CONVERSION = YES_AGGRESSIVE;
				CLANG_CXX_LANGUAGE_STANDARD = "gnu++20";
				CLANG_ENABLE_MODULES = YES;
				CLANG_ENABLE_OBJC_ARC = YES;
				CLANG_ENABLE_OBJC_WEAK = YES;
				CLANG_WARN_BLOCK_CAPTURE_AUTORELEASING = YES;
				CLANG_WARN_BOOL_CONVERSION = YES;
				CLANG_WARN_COMMA = YES;
				CLANG_WARN_CONSTANT_CONVERSION = YES;
				CLANG_WARN_DEPRECATED_OBJC_IMPLEMENTATIONS = YES;
				CLANG_WARN_DIRECT_OBJC_ISA_USAGE = YES_ERROR;
				CLANG_WARN_DOCUMENTATION_COMMENTS = YES;
				CLANG_WARN_EMPTY_BODY = YES;
				CLANG_WARN_ENUM_CONVERSION = YES;
				CLANG_WARN_INFINITE_RECURSION = YES;
				CLANG_WARN_INT_CONVERSION = YES;
				CLANG_WARN_NON_LITERAL_NULL_CONVERSION = YES;
				CLANG_WARN_OBJC_IMPLICIT_RETAIN_SELF = YES;
				CLANG_WARN_OBJC_LITERAL_CONVERSION = YES;
				CLANG_WARN_OBJC_ROOT_CLASS = YES_ERROR;
				CLANG_WARN_QUOTED_INCLUDE_IN_FRAMEWORK_HEADER = YES;
				CLANG_WARN_RANGE_LOOP_ANALYSIS = YES;
				CLANG_WARN_STRICT_PROTOTYPES = YES;
				CLANG_WARN_SUSPICIOUS_MOVE = YES;
				CLANG_WARN_UNGUARDED_AVAILABILITY = YES_AGGRESSIVE;
				CLANG_WARN_UNREACHABLE_CODE = YES;
				CLANG_WARN__DUPLICATE_METHOD_MATCH = YES;
				COPY_PHASE_STRIP = NO;
				DEBUG_INFORMATION_FORMAT = "dwarf-with-dsym";
				ENABLE_NS_ASSERTIONS = NO;
				ENABLE_STRICT_OBJC_MSGSEND = YES;
				GCC_C_LANGUAGE_STANDARD = gnu11;
				GCC_NO_COMMON_BLOCKS = YES;
				GCC_WARN_64_TO_32_BIT_CONVERSION = YES;
				GCC_WARN_ABOUT_RETURN_TYPE = YES_ERROR;
				GCC_WARN_UNDECLARED_SELECTOR = YES;
				GCC_WARN_UNINITIALIZED_AUTOS = YES_AGGRESSIVE;
				GCC_WARN_UNUSED_FUNCTION = YES;
				GCC_WARN_UNUSED_VARIABLE = YES;
				IPHONEOS_DEPLOYMENT_TARGET = 16.0;
				MTL_ENABLE_DEBUG_INFO = NO;
				MTL_FAST_MATH = YES;
				SDKROOT = iphoneos;
				SWIFT_COMPILATION_MODE = wholemodule;
				SWIFT_OPTIMIZATION_LEVEL = "-O";
				VALIDATE_PRODUCT = YES;
			};
			name = Release;
		};
		EA6A7B6128D224D500D5DA2B /* Debug */ = {
			isa = XCBuildConfiguration;
			buildSettings = {
				ASSETCATALOG_COMPILER_APPICON_NAME = AppIcon;
				ASSETCATALOG_COMPILER_GLOBAL_ACCENT_COLOR_NAME = AccentColor;
				CODE_SIGN_STYLE = Automatic;
				CURRENT_PROJECT_VERSION = 1;
				DEVELOPMENT_TEAM = HNYFM2CANQ;
				GENERATE_INFOPLIST_FILE = YES;
				INFOPLIST_FILE = GTechCase/Info.plist;
				INFOPLIST_KEY_UIApplicationSupportsIndirectInputEvents = YES;
				INFOPLIST_KEY_UILaunchStoryboardName = "";
				INFOPLIST_KEY_UIStatusBarStyle = "";
				INFOPLIST_KEY_UISupportedInterfaceOrientations_iPad = "UIInterfaceOrientationPortrait UIInterfaceOrientationPortraitUpsideDown UIInterfaceOrientationLandscapeLeft UIInterfaceOrientationLandscapeRight";
				INFOPLIST_KEY_UISupportedInterfaceOrientations_iPhone = "UIInterfaceOrientationPortrait UIInterfaceOrientationLandscapeLeft UIInterfaceOrientationLandscapeRight";
				LD_RUNPATH_SEARCH_PATHS = (
					"$(inherited)",
					"@executable_path/Frameworks",
				);
				MARKETING_VERSION = 1.0;
				PRODUCT_BUNDLE_IDENTIFIER = com.erhanhangul.GTechCase;
				PRODUCT_NAME = "$(TARGET_NAME)";
				SWIFT_EMIT_LOC_STRINGS = YES;
				SWIFT_VERSION = 5.0;
				TARGETED_DEVICE_FAMILY = "1,2";
			};
			name = Debug;
		};
		EA6A7B6228D224D500D5DA2B /* Release */ = {
			isa = XCBuildConfiguration;
			buildSettings = {
				ASSETCATALOG_COMPILER_APPICON_NAME = AppIcon;
				ASSETCATALOG_COMPILER_GLOBAL_ACCENT_COLOR_NAME = AccentColor;
				CODE_SIGN_STYLE = Automatic;
				CURRENT_PROJECT_VERSION = 1;
				DEVELOPMENT_TEAM = HNYFM2CANQ;
				GENERATE_INFOPLIST_FILE = YES;
				INFOPLIST_FILE = GTechCase/Info.plist;
				INFOPLIST_KEY_UIApplicationSupportsIndirectInputEvents = YES;
				INFOPLIST_KEY_UILaunchStoryboardName = "";
				INFOPLIST_KEY_UIStatusBarStyle = "";
				INFOPLIST_KEY_UISupportedInterfaceOrientations_iPad = "UIInterfaceOrientationPortrait UIInterfaceOrientationPortraitUpsideDown UIInterfaceOrientationLandscapeLeft UIInterfaceOrientationLandscapeRight";
				INFOPLIST_KEY_UISupportedInterfaceOrientations_iPhone = "UIInterfaceOrientationPortrait UIInterfaceOrientationLandscapeLeft UIInterfaceOrientationLandscapeRight";
				LD_RUNPATH_SEARCH_PATHS = (
					"$(inherited)",
					"@executable_path/Frameworks",
				);
				MARKETING_VERSION = 1.0;
				PRODUCT_BUNDLE_IDENTIFIER = com.erhanhangul.GTechCase;
				PRODUCT_NAME = "$(TARGET_NAME)";
				SWIFT_EMIT_LOC_STRINGS = YES;
				SWIFT_VERSION = 5.0;
				TARGETED_DEVICE_FAMILY = "1,2";
			};
			name = Release;
		};
		EA6A7B6428D224D500D5DA2B /* Debug */ = {
			isa = XCBuildConfiguration;
			buildSettings = {
				ALWAYS_EMBED_SWIFT_STANDARD_LIBRARIES = YES;
				BUNDLE_LOADER = "$(TEST_HOST)";
				CODE_SIGN_STYLE = Automatic;
				CURRENT_PROJECT_VERSION = 1;
				DEVELOPMENT_TEAM = HNYFM2CANQ;
				GENERATE_INFOPLIST_FILE = YES;
				IPHONEOS_DEPLOYMENT_TARGET = 16.0;
				MARKETING_VERSION = 1.0;
				PRODUCT_BUNDLE_IDENTIFIER = com.erhanhangul.GTechCaseTests;
				PRODUCT_NAME = "$(TARGET_NAME)";
				SWIFT_EMIT_LOC_STRINGS = NO;
				SWIFT_VERSION = 5.0;
				TARGETED_DEVICE_FAMILY = "1,2";
				TEST_HOST = "$(BUILT_PRODUCTS_DIR)/GTechCase.app/$(BUNDLE_EXECUTABLE_FOLDER_PATH)/GTechCase";
			};
			name = Debug;
		};
		EA6A7B6528D224D500D5DA2B /* Release */ = {
			isa = XCBuildConfiguration;
			buildSettings = {
				ALWAYS_EMBED_SWIFT_STANDARD_LIBRARIES = YES;
				BUNDLE_LOADER = "$(TEST_HOST)";
				CODE_SIGN_STYLE = Automatic;
				CURRENT_PROJECT_VERSION = 1;
				DEVELOPMENT_TEAM = HNYFM2CANQ;
				GENERATE_INFOPLIST_FILE = YES;
				IPHONEOS_DEPLOYMENT_TARGET = 16.0;
				MARKETING_VERSION = 1.0;
				PRODUCT_BUNDLE_IDENTIFIER = com.erhanhangul.GTechCaseTests;
				PRODUCT_NAME = "$(TARGET_NAME)";
				SWIFT_EMIT_LOC_STRINGS = NO;
				SWIFT_VERSION = 5.0;
				TARGETED_DEVICE_FAMILY = "1,2";
				TEST_HOST = "$(BUILT_PRODUCTS_DIR)/GTechCase.app/$(BUNDLE_EXECUTABLE_FOLDER_PATH)/GTechCase";
			};
			name = Release;
		};
		EA6A7B6728D224D500D5DA2B /* Debug */ = {
			isa = XCBuildConfiguration;
			buildSettings = {
				ALWAYS_EMBED_SWIFT_STANDARD_LIBRARIES = YES;
				CODE_SIGN_STYLE = Automatic;
				CURRENT_PROJECT_VERSION = 1;
				DEVELOPMENT_TEAM = HNYFM2CANQ;
				GENERATE_INFOPLIST_FILE = YES;
				MARKETING_VERSION = 1.0;
				PRODUCT_BUNDLE_IDENTIFIER = com.erhanhangul.GTechCaseUITests;
				PRODUCT_NAME = "$(TARGET_NAME)";
				SWIFT_EMIT_LOC_STRINGS = NO;
				SWIFT_VERSION = 5.0;
				TARGETED_DEVICE_FAMILY = "1,2";
				TEST_TARGET_NAME = GTechCase;
			};
			name = Debug;
		};
		EA6A7B6828D224D500D5DA2B /* Release */ = {
			isa = XCBuildConfiguration;
			buildSettings = {
				ALWAYS_EMBED_SWIFT_STANDARD_LIBRARIES = YES;
				CODE_SIGN_STYLE = Automatic;
				CURRENT_PROJECT_VERSION = 1;
				DEVELOPMENT_TEAM = HNYFM2CANQ;
				GENERATE_INFOPLIST_FILE = YES;
				MARKETING_VERSION = 1.0;
				PRODUCT_BUNDLE_IDENTIFIER = com.erhanhangul.GTechCaseUITests;
				PRODUCT_NAME = "$(TARGET_NAME)";
				SWIFT_EMIT_LOC_STRINGS = NO;
				SWIFT_VERSION = 5.0;
				TARGETED_DEVICE_FAMILY = "1,2";
				TEST_TARGET_NAME = GTechCase;
			};
			name = Release;
		};
/* End XCBuildConfiguration section */

/* Begin XCConfigurationList section */
		EA6A7B3128D224D300D5DA2B /* Build configuration list for PBXProject "GTechCase" */ = {
			isa = XCConfigurationList;
			buildConfigurations = (
				EA6A7B5E28D224D500D5DA2B /* Debug */,
				EA6A7B5F28D224D500D5DA2B /* Release */,
			);
			defaultConfigurationIsVisible = 0;
			defaultConfigurationName = Release;
		};
		EA6A7B6028D224D500D5DA2B /* Build configuration list for PBXNativeTarget "GTechCase" */ = {
			isa = XCConfigurationList;
			buildConfigurations = (
				EA6A7B6128D224D500D5DA2B /* Debug */,
				EA6A7B6228D224D500D5DA2B /* Release */,
			);
			defaultConfigurationIsVisible = 0;
			defaultConfigurationName = Release;
		};
		EA6A7B6328D224D500D5DA2B /* Build configuration list for PBXNativeTarget "GTechCaseTests" */ = {
			isa = XCConfigurationList;
			buildConfigurations = (
				EA6A7B6428D224D500D5DA2B /* Debug */,
				EA6A7B6528D224D500D5DA2B /* Release */,
			);
			defaultConfigurationIsVisible = 0;
			defaultConfigurationName = Release;
		};
		EA6A7B6628D224D500D5DA2B /* Build configuration list for PBXNativeTarget "GTechCaseUITests" */ = {
			isa = XCConfigurationList;
			buildConfigurations = (
				EA6A7B6728D224D500D5DA2B /* Debug */,
				EA6A7B6828D224D500D5DA2B /* Release */,
			);
			defaultConfigurationIsVisible = 0;
			defaultConfigurationName = Release;
		};
/* End XCConfigurationList section */

/* Begin XCRemoteSwiftPackageReference section */
		EA33A64B28D2A2BE00186581 /* XCRemoteSwiftPackageReference "Alamofire" */ = {
			isa = XCRemoteSwiftPackageReference;
			repositoryURL = "https://github.com/Alamofire/Alamofire";
			requirement = {
				branch = master;
				kind = branch;
			};
		};
		EA33A65F28D2C2B900186581 /* XCRemoteSwiftPackageReference "Kingfisher" */ = {
			isa = XCRemoteSwiftPackageReference;
			repositoryURL = "https://github.com/onevcat/Kingfisher.git";
			requirement = {
				branch = master;
				kind = branch;
			};
		};
/* End XCRemoteSwiftPackageReference section */

/* Begin XCSwiftPackageProductDependency section */
		EA33A64C28D2A2BE00186581 /* Alamofire */ = {
			isa = XCSwiftPackageProductDependency;
			package = EA33A64B28D2A2BE00186581 /* XCRemoteSwiftPackageReference "Alamofire" */;
			productName = Alamofire;
		};
		EA33A66028D2C2B900186581 /* Kingfisher */ = {
			isa = XCSwiftPackageProductDependency;
			package = EA33A65F28D2C2B900186581 /* XCRemoteSwiftPackageReference "Kingfisher" */;
			productName = Kingfisher;
		};
/* End XCSwiftPackageProductDependency section */
	};
	rootObject = EA6A7B2E28D224D300D5DA2B /* Project object */;
}
